
Microsoft Visual Studio Solution File, Format Version 12.00
# Visual Studio Version 17
VisualStudioVersion = 17.6.33717.318
MinimumVisualStudioVersion = 10.0.40219.1
Project("{2150E333-8FDC-42A3-9474-1A3956D46DE8}") = "Services", "Services", "{BE100FDC-1768-4215-BF5F-7D18D8A9C808}"
EndProject
Project("{2150E333-8FDC-42A3-9474-1A3956D46DE8}") = "Catalog", "Catalog", "{3ACA2B36-B536-4A2C-8821-4D1A01F700FE}"
EndProject
Project("{9A19103F-16F7-4668-BE54-9A1E7A4F7556}") = "Catalog.API", "Services\Catalog\Catalog.API\Catalog.API.csproj", "{3E11509A-D085-4E20-8D8E-A6CD51CDC2DD}"
EndProject
Project("{9A19103F-16F7-4668-BE54-9A1E7A4F7556}") = "Catalog.Core", "Services\Catalog\Catalog.Core\Catalog.Core.csproj", "{784D8585-942B-47FD-B784-51177894A4E6}"
EndProject
Project("{9A19103F-16F7-4668-BE54-9A1E7A4F7556}") = "Catalog.Application", "Services\Catalog\Catalog.Application\Catalog.Application.csproj", "{8B989E19-29D9-4474-9D54-28515B030713}"
EndProject
Project("{9A19103F-16F7-4668-BE54-9A1E7A4F7556}") = "Catalog.Infrastructure", "Services\Catalog\Catalog.Infrastructure\Catalog.Infrastructure.csproj", "{47D2247F-3E76-4E76-950B-5687F81B3F5B}"
EndProject
Project("{2150E333-8FDC-42A3-9474-1A3956D46DE8}") = "Basket", "Basket", "{910CCFC4-F9EA-4BD0-8416-D36AFBDC61C3}"
EndProject
Project("{FAE04EC0-301F-11D3-BF4B-00C04F79EFBC}") = "Basket.Application", "Basket.Application\Basket.Application.csproj", "{4D8F32F5-55ED-4453-9D2A-E1FDC6DC8817}"
EndProject
Project("{FAE04EC0-301F-11D3-BF4B-00C04F79EFBC}") = "Basket.Infrastructure", "Basket.Infrastructure\Basket.Infrastructure.csproj", "{2FE1AE5A-6DA2-4AB7-ACD2-F39628D9B9A4}"
EndProject
Project("{FAE04EC0-301F-11D3-BF4B-00C04F79EFBC}") = "Basket.Core", "Basket.Core\Basket.Core.csproj", "{53390137-E803-4CE0-A9B3-D95D4051DA89}"
EndProject
Project("{FAE04EC0-301F-11D3-BF4B-00C04F79EFBC}") = "Basket.API", "Basket.API\Basket.API.csproj", "{A480CE6F-57F7-44D5-8573-59B4A9DF914A}"
EndProject
Global
	GlobalSection(SolutionConfigurationPlatforms) = preSolution
		Debug|Any CPU = Debug|Any CPU
		Release|Any CPU = Release|Any CPU
	EndGlobalSection
	GlobalSection(ProjectConfigurationPlatforms) = postSolution
		{3E11509A-D085-4E20-8D8E-A6CD51CDC2DD}.Debug|Any CPU.ActiveCfg = Debug|Any CPU
		{3E11509A-D085-4E20-8D8E-A6CD51CDC2DD}.Debug|Any CPU.Build.0 = Debug|Any CPU
		{3E11509A-D085-4E20-8D8E-A6CD51CDC2DD}.Release|Any CPU.ActiveCfg = Release|Any CPU
		{3E11509A-D085-4E20-8D8E-A6CD51CDC2DD}.Release|Any CPU.Build.0 = Release|Any CPU
		{784D8585-942B-47FD-B784-51177894A4E6}.Debug|Any CPU.ActiveCfg = Debug|Any CPU
		{784D8585-942B-47FD-B784-51177894A4E6}.Debug|Any CPU.Build.0 = Debug|Any CPU
		{784D8585-942B-47FD-B784-51177894A4E6}.Release|Any CPU.ActiveCfg = Release|Any CPU
		{784D8585-942B-47FD-B784-51177894A4E6}.Release|Any CPU.Build.0 = Release|Any CPU
		{8B989E19-29D9-4474-9D54-28515B030713}.Debug|Any CPU.ActiveCfg = Debug|Any CPU
		{8B989E19-29D9-4474-9D54-28515B030713}.Debug|Any CPU.Build.0 = Debug|Any CPU
		{8B989E19-29D9-4474-9D54-28515B030713}.Release|Any CPU.ActiveCfg = Release|Any CPU
		{8B989E19-29D9-4474-9D54-28515B030713}.Release|Any CPU.Build.0 = Release|Any CPU
		{47D2247F-3E76-4E76-950B-5687F81B3F5B}.Debug|Any CPU.ActiveCfg = Debug|Any CPU
		{47D2247F-3E76-4E76-950B-5687F81B3F5B}.Debug|Any CPU.Build.0 = Debug|Any CPU
		{47D2247F-3E76-4E76-950B-5687F81B3F5B}.Release|Any CPU.ActiveCfg = Release|Any CPU
		{47D2247F-3E76-4E76-950B-5687F81B3F5B}.Release|Any CPU.Build.0 = Release|Any CPU
		{4D8F32F5-55ED-4453-9D2A-E1FDC6DC8817}.Debug|Any CPU.ActiveCfg = Debug|Any CPU
		{4D8F32F5-55ED-4453-9D2A-E1FDC6DC8817}.Debug|Any CPU.Build.0 = Debug|Any CPU
		{4D8F32F5-55ED-4453-9D2A-E1FDC6DC8817}.Release|Any CPU.ActiveCfg = Release|Any CPU
		{4D8F32F5-55ED-4453-9D2A-E1FDC6DC8817}.Release|Any CPU.Build.0 = Release|Any CPU
		{2FE1AE5A-6DA2-4AB7-ACD2-F39628D9B9A4}.Debug|Any CPU.ActiveCfg = Debug|Any CPU
		{2FE1AE5A-6DA2-4AB7-ACD2-F39628D9B9A4}.Debug|Any CPU.Build.0 = Debug|Any CPU
		{2FE1AE5A-6DA2-4AB7-ACD2-F39628D9B9A4}.Release|Any CPU.ActiveCfg = Release|Any CPU
		{2FE1AE5A-6DA2-4AB7-ACD2-F39628D9B9A4}.Release|Any CPU.Build.0 = Release|Any CPU
		{53390137-E803-4CE0-A9B3-D95D4051DA89}.Debug|Any CPU.ActiveCfg = Debug|Any CPU
		{53390137-E803-4CE0-A9B3-D95D4051DA89}.Debug|Any CPU.Build.0 = Debug|Any CPU
		{53390137-E803-4CE0-A9B3-D95D4051DA89}.Release|Any CPU.ActiveCfg = Release|Any CPU
		{53390137-E803-4CE0-A9B3-D95D4051DA89}.Release|Any CPU.Build.0 = Release|Any CPU
		{A480CE6F-57F7-44D5-8573-59B4A9DF914A}.Debug|Any CPU.ActiveCfg = Debug|Any CPU
		{A480CE6F-57F7-44D5-8573-59B4A9DF914A}.Debug|Any CPU.Build.0 = Debug|Any CPU
		{A480CE6F-57F7-44D5-8573-59B4A9DF914A}.Release|Any CPU.ActiveCfg = Release|Any CPU
		{A480CE6F-57F7-44D5-8573-59B4A9DF914A}.Release|Any CPU.Build.0 = Release|Any CPU
	EndGlobalSection
	GlobalSection(SolutionProperties) = preSolution
		HideSolutionNode = FALSE
	EndGlobalSection
	GlobalSection(NestedProjects) = preSolution
		{3ACA2B36-B536-4A2C-8821-4D1A01F700FE} = {BE100FDC-1768-4215-BF5F-7D18D8A9C808}
		{3E11509A-D085-4E20-8D8E-A6CD51CDC2DD} = {3ACA2B36-B536-4A2C-8821-4D1A01F700FE}
		{784D8585-942B-47FD-B784-51177894A4E6} = {3ACA2B36-B536-4A2C-8821-4D1A01F700FE}
		{8B989E19-29D9-4474-9D54-28515B030713} = {3ACA2B36-B536-4A2C-8821-4D1A01F700FE}
		{47D2247F-3E76-4E76-950B-5687F81B3F5B} = {3ACA2B36-B536-4A2C-8821-4D1A01F700FE}
		{910CCFC4-F9EA-4BD0-8416-D36AFBDC61C3} = {BE100FDC-1768-4215-BF5F-7D18D8A9C808}
		{4D8F32F5-55ED-4453-9D2A-E1FDC6DC8817} = {910CCFC4-F9EA-4BD0-8416-D36AFBDC61C3}
		{2FE1AE5A-6DA2-4AB7-ACD2-F39628D9B9A4} = {910CCFC4-F9EA-4BD0-8416-D36AFBDC61C3}
		{53390137-E803-4CE0-A9B3-D95D4051DA89} = {910CCFC4-F9EA-4BD0-8416-D36AFBDC61C3}
		{A480CE6F-57F7-44D5-8573-59B4A9DF914A} = {910CCFC4-F9EA-4BD0-8416-D36AFBDC61C3}
	EndGlobalSection
	GlobalSection(ExtensibilityGlobals) = postSolution
		SolutionGuid = {4C249E15-09D8-44E2-952B-662B13E25E49}
	EndGlobalSection
EndGlobal
