
Microsoft Visual Studio Solution File, Format Version 12.00
# Visual Studio Version 17
VisualStudioVersion = 17.6.33717.318
MinimumVisualStudioVersion = 10.0.40219.1
Project("{2150E333-8FDC-42A3-9474-1A3956D46DE8}") = "Services", "Services", "{BE100FDC-1768-4215-BF5F-7D18D8A9C808}"
EndProject
Project("{2150E333-8FDC-42A3-9474-1A3956D46DE8}") = "Catalog", "Catalog", "{3ACA2B36-B536-4A2C-8821-4D1A01F700FE}"
EndProject
Project("{9A19103F-16F7-4668-BE54-9A1E7A4F7556}") = "Catalog.API", "Services\Catalog\Catalog.API\Catalog.API.csproj", "{3E11509A-D085-4E20-8D8E-A6CD51CDC2DD}"
EndProject
Project("{9A19103F-16F7-4668-BE54-9A1E7A4F7556}") = "Catalog.Core", "Services\Catalog\Catalog.Core\Catalog.Core.csproj", "{784D8585-942B-47FD-B784-51177894A4E6}"
EndProject
Project("{9A19103F-16F7-4668-BE54-9A1E7A4F7556}") = "Catalog.Application", "Services\Catalog\Catalog.Application\Catalog.Application.csproj", "{8B989E19-29D9-4474-9D54-28515B030713}"
EndProject
Project("{9A19103F-16F7-4668-BE54-9A1E7A4F7556}") = "Catalog.Infrastructure", "Services\Catalog\Catalog.Infrastructure\Catalog.Infrastructure.csproj", "{47D2247F-3E76-4E76-950B-5687F81B3F5B}"
EndProject
Project("{2150E333-8FDC-42A3-9474-1A3956D46DE8}") = "Basket", "Basket", "{910CCFC4-F9EA-4BD0-8416-D36AFBDC61C3}"
EndProject
Project("{9A19103F-16F7-4668-BE54-9A1E7A4F7556}") = "Basket.API", "Services\Basket\Basket.API\Basket.API.csproj", "{FEEAD477-3669-4C09-9B0D-B73E6751524F}"
EndProject
Project("{9A19103F-16F7-4668-BE54-9A1E7A4F7556}") = "Basket.Application", "Services\Basket\Basket.Application\Basket.Application.csproj", "{F548DB0D-1169-4829-9F39-517E14DB7D66}"
EndProject
Project("{9A19103F-16F7-4668-BE54-9A1E7A4F7556}") = "Basket.Core", "Services\Basket\Basket.Core\Basket.Core.csproj", "{61B4EC0D-E959-4709-B674-EE21A6A23BE4}"
EndProject
Project("{9A19103F-16F7-4668-BE54-9A1E7A4F7556}") = "Basket.Infrastructure", "Services\Basket\Basket.Infrastructure\Basket.Infrastructure.csproj", "{09BCBE47-A57B-4800-A228-8AD5EEDC7EDF}"
EndProject
Project("{2150E333-8FDC-42A3-9474-1A3956D46DE8}") = "Discount", "Discount", "{0C4923DD-B695-4EDE-96D7-284E87D4F43B}"
EndProject
Project("{9A19103F-16F7-4668-BE54-9A1E7A4F7556}") = "Discount.API", "Services\Discount\Discount.API\Discount.API.csproj", "{0D767A56-1FDF-4A41-9E91-69224E5A9B5F}"
EndProject
Project("{9A19103F-16F7-4668-BE54-9A1E7A4F7556}") = "Discount.Core", "Services\Discount\Discount.Core\Discount.Core.csproj", "{155632EA-D390-456F-A385-24D017F31594}"
EndProject
Project("{9A19103F-16F7-4668-BE54-9A1E7A4F7556}") = "Discount.Application", "Services\Discount\Discount.Application\Discount.Application.csproj", "{54410F6F-04B0-4057-A99A-DE25C876E4E1}"
EndProject
Project("{9A19103F-16F7-4668-BE54-9A1E7A4F7556}") = "Discount.Infrastructure", "Services\Discount\Discount.Infrastructure\Discount.Infrastructure.csproj", "{215BF5CB-6020-432B-AF75-113D2099FE1E}"
EndProject
Project("{E53339B2-1760-4266-BCC7-CA923CBCF16C}") = "docker-compose", "docker-compose.dcproj", "{EF5C9C84-5ED0-4F76-A0C3-F02C069B1DEC}"
EndProject
Project("{2150E333-8FDC-42A3-9474-1A3956D46DE8}") = "Ordering", "Ordering", "{58571B8A-1E03-4DBF-A17B-70EEAEACBAD0}"
EndProject
Project("{9A19103F-16F7-4668-BE54-9A1E7A4F7556}") = "Ordering.API", "Services\Ordering\Ordering.API\Ordering.API.csproj", "{34A5EF96-CE19-495F-8CD0-FB5708DA0672}"
EndProject
Project("{9A19103F-16F7-4668-BE54-9A1E7A4F7556}") = "Ordering.Core", "Services\Ordering\Ordering.Core\Ordering.Core.csproj", "{9B45FABB-3DDB-43D2-B55A-80A334CD17CE}"
EndProject
Project("{9A19103F-16F7-4668-BE54-9A1E7A4F7556}") = "Ordering.Application", "Services\Ordering\Ordering.Application\Ordering.Application.csproj", "{67DFCDAF-F7FC-49F8-8146-4E7C02DB8719}"
EndProject
Project("{9A19103F-16F7-4668-BE54-9A1E7A4F7556}") = "Ordering.Infrastructure", "Services\Ordering\Ordering.Infrastructure\Ordering.Infrastructure.csproj", "{A7E08326-0747-4355-8354-6DB307795FE1}"
EndProject
Project("{2150E333-8FDC-42A3-9474-1A3956D46DE8}") = "Infrastructure", "Infrastructure", "{D8600466-F2D2-4BCB-BCAC-4DFE1CEAA89F}"
EndProject
Project("{9A19103F-16F7-4668-BE54-9A1E7A4F7556}") = "EventBus.Messages", "Infrastructure\EventBus.Messages\EventBus.Messages.csproj", "{D0E7C798-6BD3-4A74-A8B0-EA7D31DFEB47}"
EndProject
Project("{FAE04EC0-301F-11D3-BF4B-00C04F79EFBC}") = "Ocelot.ApiGateway", "ApiGateways\Ocelot.Gateways\Ocelot.ApiGateway.csproj", "{AAEEC4B7-EDBA-42F0-A39F-782C360F6257}"
EndProject
Project("{2150E333-8FDC-42A3-9474-1A3956D46DE8}") = "ApiGateways", "ApiGateways", "{3923C663-1563-4707-BC87-01DAC1C74467}"
EndProject
Global
	GlobalSection(SolutionConfigurationPlatforms) = preSolution
		Debug|Any CPU = Debug|Any CPU
		Release|Any CPU = Release|Any CPU
	EndGlobalSection
	GlobalSection(ProjectConfigurationPlatforms) = postSolution
		{3E11509A-D085-4E20-8D8E-A6CD51CDC2DD}.Debug|Any CPU.ActiveCfg = Debug|Any CPU
		{3E11509A-D085-4E20-8D8E-A6CD51CDC2DD}.Debug|Any CPU.Build.0 = Debug|Any CPU
		{3E11509A-D085-4E20-8D8E-A6CD51CDC2DD}.Release|Any CPU.ActiveCfg = Release|Any CPU
		{3E11509A-D085-4E20-8D8E-A6CD51CDC2DD}.Release|Any CPU.Build.0 = Release|Any CPU
		{784D8585-942B-47FD-B784-51177894A4E6}.Debug|Any CPU.ActiveCfg = Debug|Any CPU
		{784D8585-942B-47FD-B784-51177894A4E6}.Debug|Any CPU.Build.0 = Debug|Any CPU
		{784D8585-942B-47FD-B784-51177894A4E6}.Release|Any CPU.ActiveCfg = Release|Any CPU
		{784D8585-942B-47FD-B784-51177894A4E6}.Release|Any CPU.Build.0 = Release|Any CPU
		{8B989E19-29D9-4474-9D54-28515B030713}.Debug|Any CPU.ActiveCfg = Debug|Any CPU
		{8B989E19-29D9-4474-9D54-28515B030713}.Debug|Any CPU.Build.0 = Debug|Any CPU
		{8B989E19-29D9-4474-9D54-28515B030713}.Release|Any CPU.ActiveCfg = Release|Any CPU
		{8B989E19-29D9-4474-9D54-28515B030713}.Release|Any CPU.Build.0 = Release|Any CPU
		{47D2247F-3E76-4E76-950B-5687F81B3F5B}.Debug|Any CPU.ActiveCfg = Debug|Any CPU
		{47D2247F-3E76-4E76-950B-5687F81B3F5B}.Debug|Any CPU.Build.0 = Debug|Any CPU
		{47D2247F-3E76-4E76-950B-5687F81B3F5B}.Release|Any CPU.ActiveCfg = Release|Any CPU
		{47D2247F-3E76-4E76-950B-5687F81B3F5B}.Release|Any CPU.Build.0 = Release|Any CPU
		{FEEAD477-3669-4C09-9B0D-B73E6751524F}.Debug|Any CPU.ActiveCfg = Debug|Any CPU
		{FEEAD477-3669-4C09-9B0D-B73E6751524F}.Debug|Any CPU.Build.0 = Debug|Any CPU
		{FEEAD477-3669-4C09-9B0D-B73E6751524F}.Release|Any CPU.ActiveCfg = Release|Any CPU
		{FEEAD477-3669-4C09-9B0D-B73E6751524F}.Release|Any CPU.Build.0 = Release|Any CPU
		{F548DB0D-1169-4829-9F39-517E14DB7D66}.Debug|Any CPU.ActiveCfg = Debug|Any CPU
		{F548DB0D-1169-4829-9F39-517E14DB7D66}.Debug|Any CPU.Build.0 = Debug|Any CPU
		{F548DB0D-1169-4829-9F39-517E14DB7D66}.Release|Any CPU.ActiveCfg = Release|Any CPU
		{F548DB0D-1169-4829-9F39-517E14DB7D66}.Release|Any CPU.Build.0 = Release|Any CPU
		{61B4EC0D-E959-4709-B674-EE21A6A23BE4}.Debug|Any CPU.ActiveCfg = Debug|Any CPU
		{61B4EC0D-E959-4709-B674-EE21A6A23BE4}.Debug|Any CPU.Build.0 = Debug|Any CPU
		{61B4EC0D-E959-4709-B674-EE21A6A23BE4}.Release|Any CPU.ActiveCfg = Release|Any CPU
		{61B4EC0D-E959-4709-B674-EE21A6A23BE4}.Release|Any CPU.Build.0 = Release|Any CPU
		{09BCBE47-A57B-4800-A228-8AD5EEDC7EDF}.Debug|Any CPU.ActiveCfg = Debug|Any CPU
		{09BCBE47-A57B-4800-A228-8AD5EEDC7EDF}.Debug|Any CPU.Build.0 = Debug|Any CPU
		{09BCBE47-A57B-4800-A228-8AD5EEDC7EDF}.Release|Any CPU.ActiveCfg = Release|Any CPU
		{09BCBE47-A57B-4800-A228-8AD5EEDC7EDF}.Release|Any CPU.Build.0 = Release|Any CPU
		{0D767A56-1FDF-4A41-9E91-69224E5A9B5F}.Debug|Any CPU.ActiveCfg = Debug|Any CPU
		{0D767A56-1FDF-4A41-9E91-69224E5A9B5F}.Debug|Any CPU.Build.0 = Debug|Any CPU
		{0D767A56-1FDF-4A41-9E91-69224E5A9B5F}.Release|Any CPU.ActiveCfg = Release|Any CPU
		{0D767A56-1FDF-4A41-9E91-69224E5A9B5F}.Release|Any CPU.Build.0 = Release|Any CPU
		{155632EA-D390-456F-A385-24D017F31594}.Debug|Any CPU.ActiveCfg = Debug|Any CPU
		{155632EA-D390-456F-A385-24D017F31594}.Debug|Any CPU.Build.0 = Debug|Any CPU
		{155632EA-D390-456F-A385-24D017F31594}.Release|Any CPU.ActiveCfg = Release|Any CPU
		{155632EA-D390-456F-A385-24D017F31594}.Release|Any CPU.Build.0 = Release|Any CPU
		{54410F6F-04B0-4057-A99A-DE25C876E4E1}.Debug|Any CPU.ActiveCfg = Debug|Any CPU
		{54410F6F-04B0-4057-A99A-DE25C876E4E1}.Debug|Any CPU.Build.0 = Debug|Any CPU
		{54410F6F-04B0-4057-A99A-DE25C876E4E1}.Release|Any CPU.ActiveCfg = Release|Any CPU
		{54410F6F-04B0-4057-A99A-DE25C876E4E1}.Release|Any CPU.Build.0 = Release|Any CPU
		{215BF5CB-6020-432B-AF75-113D2099FE1E}.Debug|Any CPU.ActiveCfg = Debug|Any CPU
		{215BF5CB-6020-432B-AF75-113D2099FE1E}.Debug|Any CPU.Build.0 = Debug|Any CPU
		{215BF5CB-6020-432B-AF75-113D2099FE1E}.Release|Any CPU.ActiveCfg = Release|Any CPU
		{215BF5CB-6020-432B-AF75-113D2099FE1E}.Release|Any CPU.Build.0 = Release|Any CPU
		{EF5C9C84-5ED0-4F76-A0C3-F02C069B1DEC}.Debug|Any CPU.ActiveCfg = Debug|Any CPU
		{EF5C9C84-5ED0-4F76-A0C3-F02C069B1DEC}.Debug|Any CPU.Build.0 = Debug|Any CPU
		{EF5C9C84-5ED0-4F76-A0C3-F02C069B1DEC}.Release|Any CPU.ActiveCfg = Release|Any CPU
		{EF5C9C84-5ED0-4F76-A0C3-F02C069B1DEC}.Release|Any CPU.Build.0 = Release|Any CPU
		{34A5EF96-CE19-495F-8CD0-FB5708DA0672}.Debug|Any CPU.ActiveCfg = Debug|Any CPU
		{34A5EF96-CE19-495F-8CD0-FB5708DA0672}.Debug|Any CPU.Build.0 = Debug|Any CPU
		{34A5EF96-CE19-495F-8CD0-FB5708DA0672}.Release|Any CPU.ActiveCfg = Release|Any CPU
		{34A5EF96-CE19-495F-8CD0-FB5708DA0672}.Release|Any CPU.Build.0 = Release|Any CPU
		{9B45FABB-3DDB-43D2-B55A-80A334CD17CE}.Debug|Any CPU.ActiveCfg = Debug|Any CPU
		{9B45FABB-3DDB-43D2-B55A-80A334CD17CE}.Debug|Any CPU.Build.0 = Debug|Any CPU
		{9B45FABB-3DDB-43D2-B55A-80A334CD17CE}.Release|Any CPU.ActiveCfg = Release|Any CPU
		{9B45FABB-3DDB-43D2-B55A-80A334CD17CE}.Release|Any CPU.Build.0 = Release|Any CPU
		{67DFCDAF-F7FC-49F8-8146-4E7C02DB8719}.Debug|Any CPU.ActiveCfg = Debug|Any CPU
		{67DFCDAF-F7FC-49F8-8146-4E7C02DB8719}.Debug|Any CPU.Build.0 = Debug|Any CPU
		{67DFCDAF-F7FC-49F8-8146-4E7C02DB8719}.Release|Any CPU.ActiveCfg = Release|Any CPU
		{67DFCDAF-F7FC-49F8-8146-4E7C02DB8719}.Release|Any CPU.Build.0 = Release|Any CPU
		{A7E08326-0747-4355-8354-6DB307795FE1}.Debug|Any CPU.ActiveCfg = Debug|Any CPU
		{A7E08326-0747-4355-8354-6DB307795FE1}.Debug|Any CPU.Build.0 = Debug|Any CPU
		{A7E08326-0747-4355-8354-6DB307795FE1}.Release|Any CPU.ActiveCfg = Release|Any CPU
		{A7E08326-0747-4355-8354-6DB307795FE1}.Release|Any CPU.Build.0 = Release|Any CPU
		{D0E7C798-6BD3-4A74-A8B0-EA7D31DFEB47}.Debug|Any CPU.ActiveCfg = Debug|Any CPU
		{D0E7C798-6BD3-4A74-A8B0-EA7D31DFEB47}.Debug|Any CPU.Build.0 = Debug|Any CPU
		{D0E7C798-6BD3-4A74-A8B0-EA7D31DFEB47}.Release|Any CPU.ActiveCfg = Release|Any CPU
		{D0E7C798-6BD3-4A74-A8B0-EA7D31DFEB47}.Release|Any CPU.Build.0 = Release|Any CPU
		{AAEEC4B7-EDBA-42F0-A39F-782C360F6257}.Debug|Any CPU.ActiveCfg = Debug|Any CPU
		{AAEEC4B7-EDBA-42F0-A39F-782C360F6257}.Debug|Any CPU.Build.0 = Debug|Any CPU
		{AAEEC4B7-EDBA-42F0-A39F-782C360F6257}.Release|Any CPU.ActiveCfg = Release|Any CPU
		{AAEEC4B7-EDBA-42F0-A39F-782C360F6257}.Release|Any CPU.Build.0 = Release|Any CPU
	EndGlobalSection
	GlobalSection(SolutionProperties) = preSolution
		HideSolutionNode = FALSE
	EndGlobalSection
	GlobalSection(NestedProjects) = preSolution
		{3ACA2B36-B536-4A2C-8821-4D1A01F700FE} = {BE100FDC-1768-4215-BF5F-7D18D8A9C808}
		{3E11509A-D085-4E20-8D8E-A6CD51CDC2DD} = {3ACA2B36-B536-4A2C-8821-4D1A01F700FE}
		{784D8585-942B-47FD-B784-51177894A4E6} = {3ACA2B36-B536-4A2C-8821-4D1A01F700FE}
		{8B989E19-29D9-4474-9D54-28515B030713} = {3ACA2B36-B536-4A2C-8821-4D1A01F700FE}
		{47D2247F-3E76-4E76-950B-5687F81B3F5B} = {3ACA2B36-B536-4A2C-8821-4D1A01F700FE}
		{910CCFC4-F9EA-4BD0-8416-D36AFBDC61C3} = {BE100FDC-1768-4215-BF5F-7D18D8A9C808}
		{FEEAD477-3669-4C09-9B0D-B73E6751524F} = {910CCFC4-F9EA-4BD0-8416-D36AFBDC61C3}
		{F548DB0D-1169-4829-9F39-517E14DB7D66} = {910CCFC4-F9EA-4BD0-8416-D36AFBDC61C3}
		{61B4EC0D-E959-4709-B674-EE21A6A23BE4} = {910CCFC4-F9EA-4BD0-8416-D36AFBDC61C3}
		{09BCBE47-A57B-4800-A228-8AD5EEDC7EDF} = {910CCFC4-F9EA-4BD0-8416-D36AFBDC61C3}
		{0C4923DD-B695-4EDE-96D7-284E87D4F43B} = {BE100FDC-1768-4215-BF5F-7D18D8A9C808}
		{0D767A56-1FDF-4A41-9E91-69224E5A9B5F} = {0C4923DD-B695-4EDE-96D7-284E87D4F43B}
		{155632EA-D390-456F-A385-24D017F31594} = {0C4923DD-B695-4EDE-96D7-284E87D4F43B}
		{54410F6F-04B0-4057-A99A-DE25C876E4E1} = {0C4923DD-B695-4EDE-96D7-284E87D4F43B}
		{215BF5CB-6020-432B-AF75-113D2099FE1E} = {0C4923DD-B695-4EDE-96D7-284E87D4F43B}
		{58571B8A-1E03-4DBF-A17B-70EEAEACBAD0} = {BE100FDC-1768-4215-BF5F-7D18D8A9C808}
		{34A5EF96-CE19-495F-8CD0-FB5708DA0672} = {58571B8A-1E03-4DBF-A17B-70EEAEACBAD0}
		{9B45FABB-3DDB-43D2-B55A-80A334CD17CE} = {58571B8A-1E03-4DBF-A17B-70EEAEACBAD0}
		{67DFCDAF-F7FC-49F8-8146-4E7C02DB8719} = {58571B8A-1E03-4DBF-A17B-70EEAEACBAD0}
		{A7E08326-0747-4355-8354-6DB307795FE1} = {58571B8A-1E03-4DBF-A17B-70EEAEACBAD0}
		{D0E7C798-6BD3-4A74-A8B0-EA7D31DFEB47} = {D8600466-F2D2-4BCB-BCAC-4DFE1CEAA89F}
		{AAEEC4B7-EDBA-42F0-A39F-782C360F6257} = {3923C663-1563-4707-BC87-01DAC1C74467}
	EndGlobalSection
	GlobalSection(ExtensibilityGlobals) = postSolution
		SolutionGuid = {4C249E15-09D8-44E2-952B-662B13E25E49}
	EndGlobalSection
EndGlobal
