
Microsoft Visual Studio Solution File, Format Version 12.00
# Visual Studio Version 17
VisualStudioVersion = 17.8.34511.84
MinimumVisualStudioVersion = 10.0.40219.1
Project("{9A19103F-16F7-4668-BE54-9A1E7A4F7556}") = "Movies.API", "Movies.API\Movies.API.csproj", "{7478A5B3-65D7-495D-9FDB-17C854D1F219}"
EndProject
Project("{9A19103F-16F7-4668-BE54-9A1E7A4F7556}") = "Movies.Core", "Movies.Core\Movies.Core.csproj", "{E40B0B9D-2985-4029-BD58-2AC41AFA91C1}"
EndProject
Project("{9A19103F-16F7-4668-BE54-9A1E7A4F7556}") = "Movies.Application", "Movies.Application\Movies.Application.csproj", "{A8A398EF-D375-4145-9135-DDE8A191AE18}"
EndProject
Project("{9A19103F-16F7-4668-BE54-9A1E7A4F7556}") = "Movies.Infrastructure", "Movies.Infrastructure\Movies.Infrastructure.csproj", "{EBD3A578-EE1A-48E5-8CAD-A45FC67D1762}"
EndProject
Global
	GlobalSection(SolutionConfigurationPlatforms) = preSolution
		Debug|Any CPU = Debug|Any CPU
		Release|Any CPU = Release|Any CPU
	EndGlobalSection
	GlobalSection(ProjectConfigurationPlatforms) = postSolution
		{7478A5B3-65D7-495D-9FDB-17C854D1F219}.Debug|Any CPU.ActiveCfg = Debug|Any CPU
		{7478A5B3-65D7-495D-9FDB-17C854D1F219}.Debug|Any CPU.Build.0 = Debug|Any CPU
		{7478A5B3-65D7-495D-9FDB-17C854D1F219}.Release|Any CPU.ActiveCfg = Release|Any CPU
		{7478A5B3-65D7-495D-9FDB-17C854D1F219}.Release|Any CPU.Build.0 = Release|Any CPU
		{E40B0B9D-2985-4029-BD58-2AC41AFA91C1}.Debug|Any CPU.ActiveCfg = Debug|Any CPU
		{E40B0B9D-2985-4029-BD58-2AC41AFA91C1}.Debug|Any CPU.Build.0 = Debug|Any CPU
		{E40B0B9D-2985-4029-BD58-2AC41AFA91C1}.Release|Any CPU.ActiveCfg = Release|Any CPU
		{E40B0B9D-2985-4029-BD58-2AC41AFA91C1}.Release|Any CPU.Build.0 = Release|Any CPU
		{A8A398EF-D375-4145-9135-DDE8A191AE18}.Debug|Any CPU.ActiveCfg = Debug|Any CPU
		{A8A398EF-D375-4145-9135-DDE8A191AE18}.Debug|Any CPU.Build.0 = Debug|Any CPU
		{A8A398EF-D375-4145-9135-DDE8A191AE18}.Release|Any CPU.ActiveCfg = Release|Any CPU
		{A8A398EF-D375-4145-9135-DDE8A191AE18}.Release|Any CPU.Build.0 = Release|Any CPU
		{EBD3A578-EE1A-48E5-8CAD-A45FC67D1762}.Debug|Any CPU.ActiveCfg = Debug|Any CPU
		{EBD3A578-EE1A-48E5-8CAD-A45FC67D1762}.Debug|Any CPU.Build.0 = Debug|Any CPU
		{EBD3A578-EE1A-48E5-8CAD-A45FC67D1762}.Release|Any CPU.ActiveCfg = Release|Any CPU
		{EBD3A578-EE1A-48E5-8CAD-A45FC67D1762}.Release|Any CPU.Build.0 = Release|Any CPU
	EndGlobalSection
	GlobalSection(SolutionProperties) = preSolution
		HideSolutionNode = FALSE
	EndGlobalSection
	GlobalSection(ExtensibilityGlobals) = postSolution
		SolutionGuid = {C9F90F81-8DC5-40F4-AA7B-1D065F88669A}
	EndGlobalSection
EndGlobal
